# @generated by Move, please check-in and do not edit manually.

[move]
version = 3
manifest_digest = "87F8ADBCC8386E601221757EE0C645A5CD1C4F0BEE8B6C36449A9DC166C36C73"
deps_digest = "3C4103934B1E040BB6B23F1D610B4EF9F2F1166A50A104EADCF77467C004C600"
dependencies = [
  { id = "MoveStdlib", name = "MoveStdlib" },
  { id = "One", name = "One" },
]

[[move.package]]
id = "MoveStdlib"
source = { local = "../../onechain/crates/sui-framework/packages/move-stdlib" }

[[move.package]]
id = "One"
source = { local = "../../onechain/crates/sui-framework/packages/one-framework" }

dependencies = [
  { id = "MoveStdlib", name = "MoveStdlib" },
]

[move.toolchain-version]
compiler-version = "1.1.1"
edition = "2024.beta"
flavor = "one"

[env]

[env.testnet]
chain-id = "1bd5c965"
original-published-id = "0x373edb82cdfd49e316ed4cc5f224ed61cd2f7d49c9bc4737cba63e0a80ab4eee"
latest-published-id = "0x373edb82cdfd49e316ed4cc5f224ed61cd2f7d49c9bc4737cba63e0a80ab4eee"
published-version = "1"
